
Microsoft Visual Studio Solution File, Format Version 12.00
# Visual Studio Version 17
VisualStudioVersion = 17.8.34525.116
MinimumVisualStudioVersion = 10.0.40219.1
Project("{FAE04EC0-301F-11D3-BF4B-00C04F79EFBC}") = "AppClassTest", "AppClassTest\AppClassTest.csproj", "{6087BC45-DBFA-499C-B9BB-673EEC4AFCB1}"
EndProject
Global
	GlobalSection(SolutionConfigurationPlatforms) = preSolution
		Debug|Any CPU = Debug|Any CPU
		Release|Any CPU = Release|Any CPU
	EndGlobalSection
	GlobalSection(ProjectConfigurationPlatforms) = postSolution
		{6087BC45-DBFA-499C-B9BB-673EEC4AFCB1}.Debug|Any CPU.ActiveCfg = Debug|Any CPU
		{6087BC45-DBFA-499C-B9BB-673EEC4AFCB1}.Debug|Any CPU.Build.0 = Debug|Any CPU
		{6087BC45-DBFA-499C-B9BB-673EEC4AFCB1}.Release|Any CPU.ActiveCfg = Release|Any CPU
		{6087BC45-DBFA-499C-B9BB-673EEC4AFCB1}.Release|Any CPU.Build.0 = Release|Any CPU
	EndGlobalSection
	GlobalSection(SolutionProperties) = preSolution
		HideSolutionNode = FALSE
	EndGlobalSection
	GlobalSection(ExtensibilityGlobals) = postSolution
		SolutionGuid = {24A28BD6-58A6-4529-B121-624E6C0C17D9}
	EndGlobalSection
EndGlobal
